// !$*UTF8*$!
{
	archiveVersion = 1;
	classes = {
	};
	objectVersion = 56;
	objects = {

/* Begin PBXBuildFile section */
		6889AE9F29EEFB0E008386F4 /* AppDelegate.swift in Sources */ = {isa = PBXBuildFile; fileRef = 6889AE9E29EEFB0E008386F4 /* AppDelegate.swift */; };
		6889AEA129EEFB0E008386F4 /* SceneDelegate.swift in Sources */ = {isa = PBXBuildFile; fileRef = 6889AEA029EEFB0E008386F4 /* SceneDelegate.swift */; };
		6889AEA329EEFB0E008386F4 /* ViewController.swift in Sources */ = {isa = PBXBuildFile; fileRef = 6889AEA229EEFB0E008386F4 /* ViewController.swift */; };
		6889AEA629EEFB0E008386F4 /* Main.storyboard in Resources */ = {isa = PBXBuildFile; fileRef = 6889AEA429EEFB0E008386F4 /* Main.storyboard */; };
		6889AEA929EEFB0E008386F4 /* UITableView.xcdatamodeld in Sources */ = {isa = PBXBuildFile; fileRef = 6889AEA729EEFB0E008386F4 /* UITableView.xcdatamodeld */; };
		6889AEAB29EEFB10008386F4 /* Assets.xcassets in Resources */ = {isa = PBXBuildFile; fileRef = 6889AEAA29EEFB10008386F4 /* Assets.xcassets */; };
		6889AEAE29EEFB10008386F4 /* LaunchScreen.storyboard in Resources */ = {isa = PBXBuildFile; fileRef = 6889AEAC29EEFB10008386F4 /* LaunchScreen.storyboard */; };
		6889AEB929EEFB10008386F4 /* UITableViewTests.swift in Sources */ = {isa = PBXBuildFile; fileRef = 6889AEB829EEFB10008386F4 /* UITableViewTests.swift */; };
		6889AEC329EEFB10008386F4 /* UITableViewUITests.swift in Sources */ = {isa = PBXBuildFile; fileRef = 6889AEC229EEFB10008386F4 /* UITableViewUITests.swift */; };
		6889AEC529EEFB10008386F4 /* UITableViewUITestsLaunchTests.swift in Sources */ = {isa = PBXBuildFile; fileRef = 6889AEC429EEFB10008386F4 /* UITableViewUITestsLaunchTests.swift */; };
/* End PBXBuildFile section */

/* Begin PBXContainerItemProxy section */
		6889AEB529EEFB10008386F4 /* PBXContainerItemProxy */ = {
			isa = PBXContainerItemProxy;
			containerPortal = 6889AE9329EEFB0E008386F4 /* Project object */;
			proxyType = 1;
			remoteGlobalIDString = 6889AE9A29EEFB0E008386F4;
			remoteInfo = UITableView;
		};
		6889AEBF29EEFB10008386F4 /* PBXContainerItemProxy */ = {
			isa = PBXContainerItemProxy;
			containerPortal = 6889AE9329EEFB0E008386F4 /* Project object */;
			proxyType = 1;
			remoteGlobalIDString = 6889AE9A29EEFB0E008386F4;
			remoteInfo = UITableView;
		};
/* End PBXContainerItemProxy section */

/* Begin PBXFileReference section */
		6889AE9B29EEFB0E008386F4 /* UITableView.app */ = {isa = PBXFileReference; explicitFileType = wrapper.application; includeInIndex = 0; path = UITableView.app; sourceTree = BUILT_PRODUCTS_DIR; };
		6889AE9E29EEFB0E008386F4 /* AppDelegate.swift */ = {isa = PBXFileReference; lastKnownFileType = sourcecode.swift; path = AppDelegate.swift; sourceTree = "<group>"; };
		6889AEA029EEFB0E008386F4 /* SceneDelegate.swift */ = {isa = PBXFileReference; lastKnownFileType = sourcecode.swift; path = SceneDelegate.swift; sourceTree = "<group>"; };
		6889AEA229EEFB0E008386F4 /* ViewController.swift */ = {isa = PBXFileReference; lastKnownFileType = sourcecode.swift; path = ViewController.swift; sourceTree = "<group>"; };
		6889AEA529EEFB0E008386F4 /* Base */ = {isa = PBXFileReference; lastKnownFileType = file.storyboard; name = Base; path = Base.lproj/Main.storyboard; sourceTree = "<group>"; };
		6889AEA829EEFB0E008386F4 /* UITableView.xcdatamodel */ = {isa = PBXFileReference; lastKnownFileType = wrapper.xcdatamodel; path = UITableView.xcdatamodel; sourceTree = "<group>"; };
		6889AEAA29EEFB10008386F4 /* Assets.xcassets */ = {isa = PBXFileReference; lastKnownFileType = folder.assetcatalog; path = Assets.xcassets; sourceTree = "<group>"; };
		6889AEAD29EEFB10008386F4 /* Base */ = {isa = PBXFileReference; lastKnownFileType = file.storyboard; name = Base; path = Base.lproj/LaunchScreen.storyboard; sourceTree = "<group>"; };
		6889AEAF29EEFB10008386F4 /* Info.plist */ = {isa = PBXFileReference; lastKnownFileType = text.plist.xml; path = Info.plist; sourceTree = "<group>"; };
		6889AEB429EEFB10008386F4 /* UITableViewTests.xctest */ = {isa = PBXFileReference; explicitFileType = wrapper.cfbundle; includeInIndex = 0; path = UITableViewTests.xctest; sourceTree = BUILT_PRODUCTS_DIR; };
		6889AEB829EEFB10008386F4 /* UITableViewTests.swift */ = {isa = PBXFileReference; lastKnownFileType = sourcecode.swift; path = UITableViewTests.swift; sourceTree = "<group>"; };
		6889AEBE29EEFB10008386F4 /* UITableViewUITests.xctest */ = {isa = PBXFileReference; explicitFileType = wrapper.cfbundle; includeInIndex = 0; path = UITableViewUITests.xctest; sourceTree = BUILT_PRODUCTS_DIR; };
		6889AEC229EEFB10008386F4 /* UITableViewUITests.swift */ = {isa = PBXFileReference; lastKnownFileType = sourcecode.swift; path = UITableViewUITests.swift; sourceTree = "<group>"; };
		6889AEC429EEFB10008386F4 /* UITableViewUITestsLaunchTests.swift */ = {isa = PBXFileReference; lastKnownFileType = sourcecode.swift; path = UITableViewUITestsLaunchTests.swift; sourceTree = "<group>"; };
/* End PBXFileReference section */

/* Begin PBXFrameworksBuildPhase section */
		6889AE9829EEFB0E008386F4 /* Frameworks */ = {
			isa = PBXFrameworksBuildPhase;
			buildActionMask = 2147483647;
			files = (
			);
			runOnlyForDeploymentPostprocessing = 0;
		};
		6889AEB129EEFB10008386F4 /* Frameworks */ = {
			isa = PBXFrameworksBuildPhase;
			buildActionMask = 2147483647;
			files = (
			);
			runOnlyForDeploymentPostprocessing = 0;
		};
		6889AEBB29EEFB10008386F4 /* Frameworks */ = {
			isa = PBXFrameworksBuildPhase;
			buildActionMask = 2147483647;
			files = (
			);
			runOnlyForDeploymentPostprocessing = 0;
		};
/* End PBXFrameworksBuildPhase section */

/* Begin PBXGroup section */
		6889AE9229EEFB0E008386F4 = {
			isa = PBXGroup;
			children = (
				6889AE9D29EEFB0E008386F4 /* UITableView */,
				6889AEB729EEFB10008386F4 /* UITableViewTests */,
				6889AEC129EEFB10008386F4 /* UITableViewUITests */,
				6889AE9C29EEFB0E008386F4 /* Products */,
			);
			sourceTree = "<group>";
		};
		6889AE9C29EEFB0E008386F4 /* Products */ = {
			isa = PBXGroup;
			children = (
				6889AE9B29EEFB0E008386F4 /* UITableView.app */,
				6889AEB429EEFB10008386F4 /* UITableViewTests.xctest */,
				6889AEBE29EEFB10008386F4 /* UITableViewUITests.xctest */,
			);
			name = Products;
			sourceTree = "<group>";
		};
		6889AE9D29EEFB0E008386F4 /* UITableView */ = {
			isa = PBXGroup;
			children = (
				6889AE9E29EEFB0E008386F4 /* AppDelegate.swift */,
				6889AEA029EEFB0E008386F4 /* SceneDelegate.swift */,
				6889AEA229EEFB0E008386F4 /* ViewController.swift */,
				6889AEA429EEFB0E008386F4 /* Main.storyboard */,
				6889AEAA29EEFB10008386F4 /* Assets.xcassets */,
				6889AEAC29EEFB10008386F4 /* LaunchScreen.storyboard */,
				6889AEAF29EEFB10008386F4 /* Info.plist */,
				6889AEA729EEFB0E008386F4 /* UITableView.xcdatamodeld */,
			);
			path = UITableView;
			sourceTree = "<group>";
		};
		6889AEB729EEFB10008386F4 /* UITableViewTests */ = {
			isa = PBXGroup;
			children = (
				6889AEB829EEFB10008386F4 /* UITableViewTests.swift */,
			);
			path = UITableViewTests;
			sourceTree = "<group>";
		};
		6889AEC129EEFB10008386F4 /* UITableViewUITests */ = {
			isa = PBXGroup;
			children = (
				6889AEC229EEFB10008386F4 /* UITableViewUITests.swift */,
				6889AEC429EEFB10008386F4 /* UITableViewUITestsLaunchTests.swift */,
			);
			path = UITableViewUITests;
			sourceTree = "<group>";
		};
/* End PBXGroup section */

/* Begin PBXNativeTarget section */
		6889AE9A29EEFB0E008386F4 /* UITableView */ = {
			isa = PBXNativeTarget;
			buildConfigurationList = 6889AEC829EEFB10008386F4 /* Build configuration list for PBXNativeTarget "UITableView" */;
			buildPhases = (
				6889AE9729EEFB0E008386F4 /* Sources */,
				6889AE9829EEFB0E008386F4 /* Frameworks */,
				6889AE9929EEFB0E008386F4 /* Resources */,
			);
			buildRules = (
			);
			dependencies = (
			);
			name = UITableView;
			productName = UITableView;
			productReference = 6889AE9B29EEFB0E008386F4 /* UITableView.app */;
			productType = "com.apple.product-type.application";
		};
		6889AEB329EEFB10008386F4 /* UITableViewTests */ = {
			isa = PBXNativeTarget;
			buildConfigurationList = 6889AECB29EEFB10008386F4 /* Build configuration list for PBXNativeTarget "UITableViewTests" */;
			buildPhases = (
				6889AEB029EEFB10008386F4 /* Sources */,
				6889AEB129EEFB10008386F4 /* Frameworks */,
				6889AEB229EEFB10008386F4 /* Resources */,
			);
			buildRules = (
			);
			dependencies = (
				6889AEB629EEFB10008386F4 /* PBXTargetDependency */,
			);
			name = UITableViewTests;
			productName = UITableViewTests;
			productReference = 6889AEB429EEFB10008386F4 /* UITableViewTests.xctest */;
			productType = "com.apple.product-type.bundle.unit-test";
		};
		6889AEBD29EEFB10008386F4 /* UITableViewUITests */ = {
			isa = PBXNativeTarget;
			buildConfigurationList = 6889AECE29EEFB10008386F4 /* Build configuration list for PBXNativeTarget "UITableViewUITests" */;
			buildPhases = (
				6889AEBA29EEFB10008386F4 /* Sources */,
				6889AEBB29EEFB10008386F4 /* Frameworks */,
				6889AEBC29EEFB10008386F4 /* Resources */,
			);
			buildRules = (
			);
			dependencies = (
				6889AEC029EEFB10008386F4 /* PBXTargetDependency */,
			);
			name = UITableViewUITests;
			productName = UITableViewUITests;
			productReference = 6889AEBE29EEFB10008386F4 /* UITableViewUITests.xctest */;
			productType = "com.apple.product-type.bundle.ui-testing";
		};
/* End PBXNativeTarget section */

/* Begin PBXProject section */
		6889AE9329EEFB0E008386F4 /* Project object */ = {
			isa = PBXProject;
			attributes = {
				BuildIndependentTargetsInParallel = 1;
				LastSwiftUpdateCheck = 1420;
				LastUpgradeCheck = 1420;
				TargetAttributes = {
					6889AE9A29EEFB0E008386F4 = {
						CreatedOnToolsVersion = 14.2;
					};
					6889AEB329EEFB10008386F4 = {
						CreatedOnToolsVersion = 14.2;
						TestTargetID = 6889AE9A29EEFB0E008386F4;
					};
					6889AEBD29EEFB10008386F4 = {
						CreatedOnToolsVersion = 14.2;
						TestTargetID = 6889AE9A29EEFB0E008386F4;
					};
				};
			};
			buildConfigurationList = 6889AE9629EEFB0E008386F4 /* Build configuration list for PBXProject "UITableView" */;
			compatibilityVersion = "Xcode 14.0";
			developmentRegion = en;
			hasScannedForEncodings = 0;
			knownRegions = (
				en,
				Base,
			);
			mainGroup = 6889AE9229EEFB0E008386F4;
			productRefGroup = 6889AE9C29EEFB0E008386F4 /* Products */;
			projectDirPath = "";
			projectRoot = "";
			targets = (
				6889AE9A29EEFB0E008386F4 /* UITableView */,
				6889AEB329EEFB10008386F4 /* UITableViewTests */,
				6889AEBD29EEFB10008386F4 /* UITableViewUITests */,
			);
		};
/* End PBXProject section */

/* Begin PBXResourcesBuildPhase section */
		6889AE9929EEFB0E008386F4 /* Resources */ = {
			isa = PBXResourcesBuildPhase;
			buildActionMask = 2147483647;
			files = (
				6889AEAE29EEFB10008386F4 /* LaunchScreen.storyboard in Resources */,
				6889AEAB29EEFB10008386F4 /* Assets.xcassets in Resources */,
				6889AEA629EEFB0E008386F4 /* Main.storyboard in Resources */,
			);
			runOnlyForDeploymentPostprocessing = 0;
		};
		6889AEB229EEFB10008386F4 /* Resources */ = {
			isa = PBXResourcesBuildPhase;
			buildActionMask = 2147483647;
			files = (
			);
			runOnlyForDeploymentPostprocessing = 0;
		};
		6889AEBC29EEFB10008386F4 /* Resources */ = {
			isa = PBXResourcesBuildPhase;
			buildActionMask = 2147483647;
			files = (
			);
			runOnlyForDeploymentPostprocessing = 0;
		};
/* End PBXResourcesBuildPhase section */

/* Begin PBXSourcesBuildPhase section */
		6889AE9729EEFB0E008386F4 /* Sources */ = {
			isa = PBXSourcesBuildPhase;
			buildActionMask = 2147483647;
			files = (
				6889AEA329EEFB0E008386F4 /* ViewController.swift in Sources */,
				6889AEA929EEFB0E008386F4 /* UITableView.xcdatamodeld in Sources */,
				6889AE9F29EEFB0E008386F4 /* AppDelegate.swift in Sources */,
				6889AEA129EEFB0E008386F4 /* SceneDelegate.swift in Sources */,
			);
			runOnlyForDeploymentPostprocessing = 0;
		};
		6889AEB029EEFB10008386F4 /* Sources */ = {
			isa = PBXSourcesBuildPhase;
			buildActionMask = 2147483647;
			files = (
				6889AEB929EEFB10008386F4 /* UITableViewTests.swift in Sources */,
			);
			runOnlyForDeploymentPostprocessing = 0;
		};
		6889AEBA29EEFB10008386F4 /* Sources */ = {
			isa = PBXSourcesBuildPhase;
			buildActionMask = 2147483647;
			files = (
				6889AEC529EEFB10008386F4 /* UITableViewUITestsLaunchTests.swift in Sources */,
				6889AEC329EEFB10008386F4 /* UITableViewUITests.swift in Sources */,
			);
			runOnlyForDeploymentPostprocessing = 0;
		};
/* End PBXSourcesBuildPhase section */

/* Begin PBXTargetDependency section */
		6889AEB629EEFB10008386F4 /* PBXTargetDependency */ = {
			isa = PBXTargetDependency;
			target = 6889AE9A29EEFB0E008386F4 /* UITableView */;
			targetProxy = 6889AEB529EEFB10008386F4 /* PBXContainerItemProxy */;
		};
		6889AEC029EEFB10008386F4 /* PBXTargetDependency */ = {
			isa = PBXTargetDependency;
			target = 6889AE9A29EEFB0E008386F4 /* UITableView */;
			targetProxy = 6889AEBF29EEFB10008386F4 /* PBXContainerItemProxy */;
		};
/* End PBXTargetDependency section */

/* Begin PBXVariantGroup section */
		6889AEA429EEFB0E008386F4 /* Main.storyboard */ = {
			isa = PBXVariantGroup;
			children = (
				6889AEA529EEFB0E008386F4 /* Base */,
			);
			name = Main.storyboard;
			sourceTree = "<group>";
		};
		6889AEAC29EEFB10008386F4 /* LaunchScreen.storyboard */ = {
			isa = PBXVariantGroup;
			children = (
				6889AEAD29EEFB10008386F4 /* Base */,
			);
			name = LaunchScreen.storyboard;
			sourceTree = "<group>";
		};
/* End PBXVariantGroup section */

/* Begin XCBuildConfiguration section */
		6889AEC629EEFB10008386F4 /* Debug */ = {
			isa = XCBuildConfiguration;
			buildSettings = {
				ALWAYS_SEARCH_USER_PATHS = NO;
				CLANG_ANALYZER_NONNULL = YES;
				CLANG_ANALYZER_NUMBER_OBJECT_CONVERSION = YES_AGGRESSIVE;
				CLANG_CXX_LANGUAGE_STANDARD = "gnu++20";
				CLANG_ENABLE_MODULES = YES;
				CLANG_ENABLE_OBJC_ARC = YES;
				CLANG_ENABLE_OBJC_WEAK = YES;
				CLANG_WARN_BLOCK_CAPTURE_AUTORELEASING = YES;
				CLANG_WARN_BOOL_CONVERSION = YES;
				CLANG_WARN_COMMA = YES;
				CLANG_WARN_CONSTANT_CONVERSION = YES;
				CLANG_WARN_DEPRECATED_OBJC_IMPLEMENTATIONS = YES;
				CLANG_WARN_DIRECT_OBJC_ISA_USAGE = YES_ERROR;
				CLANG_WARN_DOCUMENTATION_COMMENTS = YES;
				CLANG_WARN_EMPTY_BODY = YES;
				CLANG_WARN_ENUM_CONVERSION = YES;
				CLANG_WARN_INFINITE_RECURSION = YES;
				CLANG_WARN_INT_CONVERSION = YES;
				CLANG_WARN_NON_LITERAL_NULL_CONVERSION = YES;
				CLANG_WARN_OBJC_IMPLICIT_RETAIN_SELF = YES;
				CLANG_WARN_OBJC_LITERAL_CONVERSION = YES;
				CLANG_WARN_OBJC_ROOT_CLASS = YES_ERROR;
				CLANG_WARN_QUOTED_INCLUDE_IN_FRAMEWORK_HEADER = YES;
				CLANG_WARN_RANGE_LOOP_ANALYSIS = YES;
				CLANG_WARN_STRICT_PROTOTYPES = YES;
				CLANG_WARN_SUSPICIOUS_MOVE = YES;
				CLANG_WARN_UNGUARDED_AVAILABILITY = YES_AGGRESSIVE;
				CLANG_WARN_UNREACHABLE_CODE = YES;
				CLANG_WARN__DUPLICATE_METHOD_MATCH = YES;
				COPY_PHASE_STRIP = NO;
				DEBUG_INFORMATION_FORMAT = dwarf;
				ENABLE_STRICT_OBJC_MSGSEND = YES;
				ENABLE_TESTABILITY = YES;
				GCC_C_LANGUAGE_STANDARD = gnu11;
				GCC_DYNAMIC_NO_PIC = NO;
				GCC_NO_COMMON_BLOCKS = YES;
				GCC_OPTIMIZATION_LEVEL = 0;
				GCC_PREPROCESSOR_DEFINITIONS = (
					"DEBUG=1",
					"$(inherited)",
				);
				GCC_WARN_64_TO_32_BIT_CONVERSION = YES;
				GCC_WARN_ABOUT_RETURN_TYPE = YES_ERROR;
				GCC_WARN_UNDECLARED_SELECTOR = YES;
				GCC_WARN_UNINITIALIZED_AUTOS = YES_AGGRESSIVE;
				GCC_WARN_UNUSED_FUNCTION = YES;
				GCC_WARN_UNUSED_VARIABLE = YES;
				IPHONEOS_DEPLOYMENT_TARGET = 16.2;
				MTL_ENABLE_DEBUG_INFO = INCLUDE_SOURCE;
				MTL_FAST_MATH = YES;
				ONLY_ACTIVE_ARCH = YES;
				SDKROOT = iphoneos;
				SWIFT_ACTIVE_COMPILATION_CONDITIONS = DEBUG;
				SWIFT_OPTIMIZATION_LEVEL = "-Onone";
			};
			name = Debug;
		};
		6889AEC729EEFB10008386F4 /* Release */ = {
			isa = XCBuildConfiguration;
			buildSettings = {
				ALWAYS_SEARCH_USER_PATHS = NO;
				CLANG_ANALYZER_NONNULL = YES;
				CLANG_ANALYZER_NUMBER_OBJECT_CONVERSION = YES_AGGRESSIVE;
				CLANG_CXX_LANGUAGE_STANDARD = "gnu++20";
				CLANG_ENABLE_MODULES = YES;
				CLANG_ENABLE_OBJC_ARC = YES;
				CLANG_ENABLE_OBJC_WEAK = YES;
				CLANG_WARN_BLOCK_CAPTURE_AUTORELEASING = YES;
				CLANG_WARN_BOOL_CONVERSION = YES;
				CLANG_WARN_COMMA = YES;
				CLANG_WARN_CONSTANT_CONVERSION = YES;
				CLANG_WARN_DEPRECATED_OBJC_IMPLEMENTATIONS = YES;
				CLANG_WARN_DIRECT_OBJC_ISA_USAGE = YES_ERROR;
				CLANG_WARN_DOCUMENTATION_COMMENTS = YES;
				CLANG_WARN_EMPTY_BODY = YES;
				CLANG_WARN_ENUM_CONVERSION = YES;
				CLANG_WARN_INFINITE_RECURSION = YES;
				CLANG_WARN_INT_CONVERSION = YES;
				CLANG_WARN_NON_LITERAL_NULL_CONVERSION = YES;
				CLANG_WARN_OBJC_IMPLICIT_RETAIN_SELF = YES;
				CLANG_WARN_OBJC_LITERAL_CONVERSION = YES;
				CLANG_WARN_OBJC_ROOT_CLASS = YES_ERROR;
				CLANG_WARN_QUOTED_INCLUDE_IN_FRAMEWORK_HEADER = YES;
				CLANG_WARN_RANGE_LOOP_ANALYSIS = YES;
				CLANG_WARN_STRICT_PROTOTYPES = YES;
				CLANG_WARN_SUSPICIOUS_MOVE = YES;
				CLANG_WARN_UNGUARDED_AVAILABILITY = YES_AGGRESSIVE;
				CLANG_WARN_UNREACHABLE_CODE = YES;
				CLANG_WARN__DUPLICATE_METHOD_MATCH = YES;
				COPY_PHASE_STRIP = NO;
				DEBUG_INFORMATION_FORMAT = "dwarf-with-dsym";
				ENABLE_NS_ASSERTIONS = NO;
				ENABLE_STRICT_OBJC_MSGSEND = YES;
				GCC_C_LANGUAGE_STANDARD = gnu11;
				GCC_NO_COMMON_BLOCKS = YES;
				GCC_WARN_64_TO_32_BIT_CONVERSION = YES;
				GCC_WARN_ABOUT_RETURN_TYPE = YES_ERROR;
				GCC_WARN_UNDECLARED_SELECTOR = YES;
				GCC_WARN_UNINITIALIZED_AUTOS = YES_AGGRESSIVE;
				GCC_WARN_UNUSED_FUNCTION = YES;
				GCC_WARN_UNUSED_VARIABLE = YES;
				IPHONEOS_DEPLOYMENT_TARGET = 16.2;
				MTL_ENABLE_DEBUG_INFO = NO;
				MTL_FAST_MATH = YES;
				SDKROOT = iphoneos;
				SWIFT_COMPILATION_MODE = wholemodule;
				SWIFT_OPTIMIZATION_LEVEL = "-O";
				VALIDATE_PRODUCT = YES;
			};
			name = Release;
		};
		6889AEC929EEFB10008386F4 /* Debug */ = {
			isa = XCBuildConfiguration;
			buildSettings = {
				ASSETCATALOG_COMPILER_APPICON_NAME = AppIcon;
				ASSETCATALOG_COMPILER_GLOBAL_ACCENT_COLOR_NAME = AccentColor;
				CODE_SIGN_STYLE = Automatic;
				CURRENT_PROJECT_VERSION = 1;
				DEVELOPMENT_TEAM = 9RPR7VALW8;
				GENERATE_INFOPLIST_FILE = YES;
				INFOPLIST_FILE = UITableView/Info.plist;
				INFOPLIST_KEY_UIApplicationSupportsIndirectInputEvents = YES;
				INFOPLIST_KEY_UILaunchStoryboardName = LaunchScreen;
				INFOPLIST_KEY_UIMainStoryboardFile = Main;
				INFOPLIST_KEY_UISupportedInterfaceOrientations_iPad = "UIInterfaceOrientationPortrait UIInterfaceOrientationPortraitUpsideDown UIInterfaceOrientationLandscapeLeft UIInterfaceOrientationLandscapeRight";
				INFOPLIST_KEY_UISupportedInterfaceOrientations_iPhone = "UIInterfaceOrientationPortrait UIInterfaceOrientationLandscapeLeft UIInterfaceOrientationLandscapeRight";
				LD_RUNPATH_SEARCH_PATHS = (
					"$(inherited)",
					"@executable_path/Frameworks",
				);
				MARKETING_VERSION = 1.0;
				PRODUCT_BUNDLE_IDENTIFIER = "FurturesLab-GH-.UITableView";
				PRODUCT_NAME = "$(TARGET_NAME)";
				SWIFT_EMIT_LOC_STRINGS = YES;
				SWIFT_VERSION = 5.0;
				TARGETED_DEVICE_FAMILY = "1,2";
			};
			name = Debug;
		};
		6889AECA29EEFB10008386F4 /* Release */ = {
			isa = XCBuildConfiguration;
			buildSettings = {
				ASSETCATALOG_COMPILER_APPICON_NAME = AppIcon;
				ASSETCATALOG_COMPILER_GLOBAL_ACCENT_COLOR_NAME = AccentColor;
				CODE_SIGN_STYLE = Automatic;
				CURRENT_PROJECT_VERSION = 1;
				DEVELOPMENT_TEAM = 9RPR7VALW8;
				GENERATE_INFOPLIST_FILE = YES;
				INFOPLIST_FILE = UITableView/Info.plist;
				INFOPLIST_KEY_UIApplicationSupportsIndirectInputEvents = YES;
				INFOPLIST_KEY_UILaunchStoryboardName = LaunchScreen;
				INFOPLIST_KEY_UIMainStoryboardFile = Main;
				INFOPLIST_KEY_UISupportedInterfaceOrientations_iPad = "UIInterfaceOrientationPortrait UIInterfaceOrientationPortraitUpsideDown UIInterfaceOrientationLandscapeLeft UIInterfaceOrientationLandscapeRight";
				INFOPLIST_KEY_UISupportedInterfaceOrientations_iPhone = "UIInterfaceOrientationPortrait UIInterfaceOrientationLandscapeLeft UIInterfaceOrientationLandscapeRight";
				LD_RUNPATH_SEARCH_PATHS = (
					"$(inherited)",
					"@executable_path/Frameworks",
				);
				MARKETING_VERSION = 1.0;
				PRODUCT_BUNDLE_IDENTIFIER = "FurturesLab-GH-.UITableView";
				PRODUCT_NAME = "$(TARGET_NAME)";
				SWIFT_EMIT_LOC_STRINGS = YES;
				SWIFT_VERSION = 5.0;
				TARGETED_DEVICE_FAMILY = "1,2";
			};
			name = Release;
		};
		6889AECC29EEFB10008386F4 /* Debug */ = {
			isa = XCBuildConfiguration;
			buildSettings = {
				ALWAYS_EMBED_SWIFT_STANDARD_LIBRARIES = YES;
				BUNDLE_LOADER = "$(TEST_HOST)";
				CODE_SIGN_STYLE = Automatic;
				CURRENT_PROJECT_VERSION = 1;
				DEVELOPMENT_TEAM = 9RPR7VALW8;
				GENERATE_INFOPLIST_FILE = YES;
				IPHONEOS_DEPLOYMENT_TARGET = 16.2;
				MARKETING_VERSION = 1.0;
				PRODUCT_BUNDLE_IDENTIFIER = "FurturesLab-GH-.UITableViewTests";
				PRODUCT_NAME = "$(TARGET_NAME)";
				SWIFT_EMIT_LOC_STRINGS = NO;
				SWIFT_VERSION = 5.0;
				TARGETED_DEVICE_FAMILY = "1,2";
				TEST_HOST = "$(BUILT_PRODUCTS_DIR)/UITableView.app/$(BUNDLE_EXECUTABLE_FOLDER_PATH)/UITableView";
			};
			name = Debug;
		};
		6889AECD29EEFB10008386F4 /* Release */ = {
			isa = XCBuildConfiguration;
			buildSettings = {
				ALWAYS_EMBED_SWIFT_STANDARD_LIBRARIES = YES;
				BUNDLE_LOADER = "$(TEST_HOST)";
				CODE_SIGN_STYLE = Automatic;
				CURRENT_PROJECT_VERSION = 1;
				DEVELOPMENT_TEAM = 9RPR7VALW8;
				GENERATE_INFOPLIST_FILE = YES;
				IPHONEOS_DEPLOYMENT_TARGET = 16.2;
				MARKETING_VERSION = 1.0;
				PRODUCT_BUNDLE_IDENTIFIER = "FurturesLab-GH-.UITableViewTests";
				PRODUCT_NAME = "$(TARGET_NAME)";
				SWIFT_EMIT_LOC_STRINGS = NO;
				SWIFT_VERSION = 5.0;
				TARGETED_DEVICE_FAMILY = "1,2";
				TEST_HOST = "$(BUILT_PRODUCTS_DIR)/UITableView.app/$(BUNDLE_EXECUTABLE_FOLDER_PATH)/UITableView";
			};
			name = Release;
		};
		6889AECF29EEFB10008386F4 /* Debug */ = {
			isa = XCBuildConfiguration;
			buildSettings = {
				ALWAYS_EMBED_SWIFT_STANDARD_LIBRARIES = YES;
				CODE_SIGN_STYLE = Automatic;
				CURRENT_PROJECT_VERSION = 1;
				DEVELOPMENT_TEAM = 9RPR7VALW8;
				GENERATE_INFOPLIST_FILE = YES;
				MARKETING_VERSION = 1.0;
				PRODUCT_BUNDLE_IDENTIFIER = "FurturesLab-GH-.UITableViewUITests";
				PRODUCT_NAME = "$(TARGET_NAME)";
				SWIFT_EMIT_LOC_STRINGS = NO;
				SWIFT_VERSION = 5.0;
				TARGETED_DEVICE_FAMILY = "1,2";
				TEST_TARGET_NAME = UITableView;
			};
			name = Debug;
		};
		6889AED029EEFB10008386F4 /* Release */ = {
			isa = XCBuildConfiguration;
			buildSettings = {
				ALWAYS_EMBED_SWIFT_STANDARD_LIBRARIES = YES;
				CODE_SIGN_STYLE = Automatic;
				CURRENT_PROJECT_VERSION = 1;
				DEVELOPMENT_TEAM = 9RPR7VALW8;
				GENERATE_INFOPLIST_FILE = YES;
				MARKETING_VERSION = 1.0;
				PRODUCT_BUNDLE_IDENTIFIER = "FurturesLab-GH-.UITableViewUITests";
				PRODUCT_NAME = "$(TARGET_NAME)";
				SWIFT_EMIT_LOC_STRINGS = NO;
				SWIFT_VERSION = 5.0;
				TARGETED_DEVICE_FAMILY = "1,2";
				TEST_TARGET_NAME = UITableView;
			};
			name = Release;
		};
/* End XCBuildConfiguration section */

/* Begin XCConfigurationList section */
		6889AE9629EEFB0E008386F4 /* Build configuration list for PBXProject "UITableView" */ = {
			isa = XCConfigurationList;
			buildConfigurations = (
				6889AEC629EEFB10008386F4 /* Debug */,
				6889AEC729EEFB10008386F4 /* Release */,
			);
			defaultConfigurationIsVisible = 0;
			defaultConfigurationName = Release;
		};
		6889AEC829EEFB10008386F4 /* Build configuration list for PBXNativeTarget "UITableView" */ = {
			isa = XCConfigurationList;
			buildConfigurations = (
				6889AEC929EEFB10008386F4 /* Debug */,
				6889AECA29EEFB10008386F4 /* Release */,
			);
			defaultConfigurationIsVisible = 0;
			defaultConfigurationName = Release;
		};
		6889AECB29EEFB10008386F4 /* Build configuration list for PBXNativeTarget "UITableViewTests" */ = {
			isa = XCConfigurationList;
			buildConfigurations = (
				6889AECC29EEFB10008386F4 /* Debug */,
				6889AECD29EEFB10008386F4 /* Release */,
			);
			defaultConfigurationIsVisible = 0;
			defaultConfigurationName = Release;
		};
		6889AECE29EEFB10008386F4 /* Build configuration list for PBXNativeTarget "UITableViewUITests" */ = {
			isa = XCConfigurationList;
			buildConfigurations = (
				6889AECF29EEFB10008386F4 /* Debug */,
				6889AED029EEFB10008386F4 /* Release */,
			);
			defaultConfigurationIsVisible = 0;
			defaultConfigurationName = Release;
		};
/* End XCConfigurationList section */

/* Begin XCVersionGroup section */
		6889AEA729EEFB0E008386F4 /* UITableView.xcdatamodeld */ = {
			isa = XCVersionGroup;
			children = (
				6889AEA829EEFB0E008386F4 /* UITableView.xcdatamodel */,
			);
			currentVersion = 6889AEA829EEFB0E008386F4 /* UITableView.xcdatamodel */;
			path = UITableView.xcdatamodeld;
			sourceTree = "<group>";
			versionGroupType = wrapper.xcdatamodel;
		};
/* End XCVersionGroup section */
	};
	rootObject = 6889AE9329EEFB0E008386F4 /* Project object */;
}
